
Microsoft Visual Studio Solution File, Format Version 12.00
# Visual Studio Version 16
VisualStudioVersion = 16.0.32510.428
MinimumVisualStudioVersion = 10.0.40219.1
Project("{FAE04EC0-301F-11D3-BF4B-00C04F79EFBC}") = "Deliverable2", "Deliverable2.csproj", "{F33EA46B-18FD-43C8-9489-F5014CD0D08B}"
EndProject
Global
	GlobalSection(SolutionConfigurationPlatforms) = preSolution
		Debug|Any CPU = Debug|Any CPU
		Release|Any CPU = Release|Any CPU
	EndGlobalSection
	GlobalSection(ProjectConfigurationPlatforms) = postSolution
		{F33EA46B-18FD-43C8-9489-F5014CD0D08B}.Debug|Any CPU.ActiveCfg = Debug|Any CPU
		{F33EA46B-18FD-43C8-9489-F5014CD0D08B}.Debug|Any CPU.Build.0 = Debug|Any CPU
		{F33EA46B-18FD-43C8-9489-F5014CD0D08B}.Release|Any CPU.ActiveCfg = Release|Any CPU
		{F33EA46B-18FD-43C8-9489-F5014CD0D08B}.Release|Any CPU.Build.0 = Release|Any CPU
	EndGlobalSection
	GlobalSection(SolutionProperties) = preSolution
		HideSolutionNode = FALSE
	EndGlobalSection
	GlobalSection(ExtensibilityGlobals) = postSolution
		SolutionGuid = {21C10A3C-E2E5-4C99-A295-CFBA1E8AA120}
	EndGlobalSection
EndGlobal
